{
  "name": "example",
  "version": "1.0.0",
  "lockfileVersion": 1,
  "requires": true,
  "dependencies": {
    "mini-signals": {
      "version": "1.2.0",
      "resolved": "https://registry.npmjs.org/mini-signals/-/mini-signals-1.2.0.tgz",
      "integrity": "sha1-RbCAE8X65RokqhqTXNMXye1yHXQ="
    },
    "parse-uri": {
      "version": "1.0.0",
      "resolved": "https://registry.npmjs.org/parse-uri/-/parse-uri-1.0.0.tgz",
      "integrity": "sha1-KHLcwi8aeXrN4Vg9igrClVLdrCA="
    },
    "resource-loader": {
      "version": "2.1.1",
      "resolved": "https://registry.npmjs.org/resource-loader/-/resource-loader-2.1.1.tgz",
      "integrity": "sha512-jRMGYUfa4AGk9ib45Wxc93lobhQVoiCUAUkWqsbb/fhGPge97YT1S8aC0xBEQpolMsrdmB3o7SH8VmIEvIDOLA==",
      "requires": {
        "mini-signals": "1.2.0",
        "parse-uri": "1.0.0"
      }
    }
  }
}
